Microsoft Visual Studio Solution File, Format Version 12.00
# Visual Studio Version 17
VisualStudioVersion = 17.0.31903.59
MinimumVisualStudioVersion = 10.0.40219.1
Project("{9A19103F-16F7-4668-BE54-9A1E7A4F7556}") = "FeatureFlagEngine.Api", "src\FeatureFlagEngine.Api\FeatureFlagEngine.Api.csproj", "{11111111-1111-1111-1111-111111111111}"
EndProject
Project("{9A19103F-16F7-4668-BE54-9A1E7A4F7556}") = "FeatureFlagEngine.Application", "src\FeatureFlagEngine.Application\FeatureFlagEngine.Application.csproj", "{22222222-2222-2222-2222-222222222222}"
EndProject
Project("{9A19103F-16F7-4668-BE54-9A1E7A4F7556}") = "FeatureFlagEngine.Domain", "src\FeatureFlagEngine.Domain\FeatureFlagEngine.Domain.csproj", "{33333333-3333-3333-3333-333333333333}"
EndProject
Project("{9A19103F-16F7-4668-BE54-9A1E7A4F7556}") = "FeatureFlagEngine.Infrastructure", "src\FeatureFlagEngine.Infrastructure\FeatureFlagEngine.Infrastructure.csproj", "{44444444-4444-4444-4444-444444444444}"
EndProject
Project("{9A19103F-16F7-4668-BE54-9A1E7A4F7556}") = "FeatureFlagEngine.Web", "src\FeatureFlagEngine.Web\FeatureFlagEngine.Web.csproj", "{31DD9170-660D-45F1-9155-09BED48AB2D7}"
EndProject
Project("{9A19103F-16F7-4668-BE54-9A1E7A4F7556}") = "FeatureFlagEngine.Tests", "src\FeatureFlagEngine.Tests\FeatureFlagEngine.Tests.csproj", "{52E53F85-4C68-479B-8985-4C1C1AC15DF3}"
EndProject
Global
	GlobalSection(SolutionConfigurationPlatforms) = preSolution
		Debug|Any CPU = Debug|Any CPU
		Release|Any CPU = Release|Any CPU
	EndGlobalSection
	GlobalSection(ProjectConfigurationPlatforms) = postSolution
		{11111111-1111-1111-1111-111111111111}.Debug|Any CPU.ActiveCfg = Debug|Any CPU
		{11111111-1111-1111-1111-111111111111}.Debug|Any CPU.Build.0 = Debug|Any CPU
		{11111111-1111-1111-1111-111111111111}.Release|Any CPU.ActiveCfg = Release|Any CPU
		{11111111-1111-1111-1111-111111111111}.Release|Any CPU.Build.0 = Release|Any CPU
		{22222222-2222-2222-2222-222222222222}.Debug|Any CPU.ActiveCfg = Debug|Any CPU
		{22222222-2222-2222-2222-222222222222}.Debug|Any CPU.Build.0 = Debug|Any CPU
		{22222222-2222-2222-2222-222222222222}.Release|Any CPU.ActiveCfg = Release|Any CPU
		{22222222-2222-2222-2222-222222222222}.Release|Any CPU.Build.0 = Release|Any CPU
		{33333333-3333-3333-3333-333333333333}.Debug|Any CPU.ActiveCfg = Debug|Any CPU
		{33333333-3333-3333-3333-333333333333}.Debug|Any CPU.Build.0 = Debug|Any CPU
		{33333333-3333-3333-3333-333333333333}.Release|Any CPU.ActiveCfg = Release|Any CPU
		{33333333-3333-3333-3333-333333333333}.Release|Any CPU.Build.0 = Release|Any CPU
		{44444444-4444-4444-4444-444444444444}.Debug|Any CPU.ActiveCfg = Debug|Any CPU
		{44444444-4444-4444-4444-444444444444}.Debug|Any CPU.Build.0 = Debug|Any CPU
		{44444444-4444-4444-4444-444444444444}.Release|Any CPU.ActiveCfg = Release|Any CPU
		{44444444-4444-4444-4444-444444444444}.Release|Any CPU.Build.0 = Release|Any CPU
		{31DD9170-660D-45F1-9155-09BED48AB2D7}.Debug|Any CPU.ActiveCfg = Debug|Any CPU
		{31DD9170-660D-45F1-9155-09BED48AB2D7}.Debug|Any CPU.Build.0 = Debug|Any CPU
		{31DD9170-660D-45F1-9155-09BED48AB2D7}.Release|Any CPU.ActiveCfg = Release|Any CPU
		{31DD9170-660D-45F1-9155-09BED48AB2D7}.Release|Any CPU.Build.0 = Release|Any CPU
		{52E53F85-4C68-479B-8985-4C1C1AC15DF3}.Debug|Any CPU.ActiveCfg = Debug|Any CPU
		{52E53F85-4C68-479B-8985-4C1C1AC15DF3}.Debug|Any CPU.Build.0 = Debug|Any CPU
		{52E53F85-4C68-479B-8985-4C1C1AC15DF3}.Release|Any CPU.ActiveCfg = Release|Any CPU
		{52E53F85-4C68-479B-8985-4C1C1AC15DF3}.Release|Any CPU.Build.0 = Release|Any CPU
	EndGlobalSection
	GlobalSection(SolutionProperties) = preSolution
		HideSolutionNode = FALSE
	EndGlobalSection
	GlobalSection(ExtensibilityGlobals) = postSolution
		SolutionGuid = {09FA36BC-CC47-4ACD-8AFD-62712FDC0C20}
	EndGlobalSection
EndGlobal
